
Microsoft Visual Studio Solution File, Format Version 12.00
# Visual Studio 2013
VisualStudioVersion = 12.0.31101.0
MinimumVisualStudioVersion = 10.0.40219.1
Project("{FAE04EC0-301F-11D3-BF4B-00C04F79EFBC}") = "CrudSimples", "WebApplication8\CrudSimples.csproj", "{413DCF7F-D0C9-4A95-AB5B-C30730D3D7EF}"
EndProject
Global
	GlobalSection(SolutionConfigurationPlatforms) = preSolution
		Debug|Any CPU = Debug|Any CPU
		Release|Any CPU = Release|Any CPU
	EndGlobalSection
	GlobalSection(ProjectConfigurationPlatforms) = postSolution
		{413DCF7F-D0C9-4A95-AB5B-C30730D3D7EF}.Debug|Any CPU.ActiveCfg = Debug|Any CPU
		{413DCF7F-D0C9-4A95-AB5B-C30730D3D7EF}.Debug|Any CPU.Build.0 = Debug|Any CPU
		{413DCF7F-D0C9-4A95-AB5B-C30730D3D7EF}.Release|Any CPU.ActiveCfg = Release|Any CPU
		{413DCF7F-D0C9-4A95-AB5B-C30730D3D7EF}.Release|Any CPU.Build.0 = Release|Any CPU
	EndGlobalSection
	GlobalSection(SolutionProperties) = preSolution
		HideSolutionNode = FALSE
	EndGlobalSection
EndGlobal
